
Microsoft Visual Studio Solution File, Format Version 12.00
# Visual Studio Version 16
VisualStudioVersion = 16.0.29806.167
MinimumVisualStudioVersion = 10.0.40219.1
Project("{FAE04EC0-301F-11D3-BF4B-00C04F79EFBC}") = "HDByte.Scheduler", "HDByte.Scheduler\HDByte.Scheduler.csproj", "{316F5B9A-1B32-4A6F-BD38-B123BB960720}"
EndProject
Global
	GlobalSection(SolutionConfigurationPlatforms) = preSolution
		Debug|Any CPU = Debug|Any CPU
		Release|Any CPU = Release|Any CPU
	EndGlobalSection
	GlobalSection(ProjectConfigurationPlatforms) = postSolution
		{316F5B9A-1B32-4A6F-BD38-B123BB960720}.Debug|Any CPU.ActiveCfg = Debug|Any CPU
		{316F5B9A-1B32-4A6F-BD38-B123BB960720}.Debug|Any CPU.Build.0 = Debug|Any CPU
		{316F5B9A-1B32-4A6F-BD38-B123BB960720}.Release|Any CPU.ActiveCfg = Release|Any CPU
		{316F5B9A-1B32-4A6F-BD38-B123BB960720}.Release|Any CPU.Build.0 = Release|Any CPU
	EndGlobalSection
	GlobalSection(SolutionProperties) = preSolution
		HideSolutionNode = FALSE
	EndGlobalSection
	GlobalSection(ExtensibilityGlobals) = postSolution
		SolutionGuid = {CCD2BEC7-D7CE-4471-8F6C-73C13A323BEC}
	EndGlobalSection
EndGlobal
